
Microsoft Visual Studio Solution File, Format Version 12.00
# Visual Studio 15
VisualStudioVersion = 15.0.27428.2027
MinimumVisualStudioVersion = 10.0.40219.1
Project("{FAE04EC0-301F-11D3-BF4B-00C04F79EFBC}") = "WpfApp1", "..\WpfApp1\WpfApp1\WpfApp1.csproj", "{BA63BB1D-5FC7-4A81-8A5B-A981D5176FF4}"
EndProject
Project("{FAE04EC0-301F-11D3-BF4B-00C04F79EFBC}") = "CodedUITestProject1", "..\WpfApp1\CodedUITestProject1\CodedUITestProject1.csproj", "{2BCCBEF6-2A5B-47F4-9DB5-00FF93EB91AF}"
EndProject
Global
	GlobalSection(SolutionConfigurationPlatforms) = preSolution
		Debug|Any CPU = Debug|Any CPU
		Release|Any CPU = Release|Any CPU
	EndGlobalSection
	GlobalSection(ProjectConfigurationPlatforms) = postSolution
		{BA63BB1D-5FC7-4A81-8A5B-A981D5176FF4}.Debug|Any CPU.ActiveCfg = Debug|Any CPU
		{BA63BB1D-5FC7-4A81-8A5B-A981D5176FF4}.Debug|Any CPU.Build.0 = Debug|Any CPU
		{BA63BB1D-5FC7-4A81-8A5B-A981D5176FF4}.Release|Any CPU.ActiveCfg = Release|Any CPU
		{BA63BB1D-5FC7-4A81-8A5B-A981D5176FF4}.Release|Any CPU.Build.0 = Release|Any CPU
		{2BCCBEF6-2A5B-47F4-9DB5-00FF93EB91AF}.Debug|Any CPU.ActiveCfg = Debug|Any CPU
		{2BCCBEF6-2A5B-47F4-9DB5-00FF93EB91AF}.Debug|Any CPU.Build.0 = Debug|Any CPU
		{2BCCBEF6-2A5B-47F4-9DB5-00FF93EB91AF}.Release|Any CPU.ActiveCfg = Release|Any CPU
		{2BCCBEF6-2A5B-47F4-9DB5-00FF93EB91AF}.Release|Any CPU.Build.0 = Release|Any CPU
	EndGlobalSection
	GlobalSection(SolutionProperties) = preSolution
		HideSolutionNode = FALSE
	EndGlobalSection
	GlobalSection(ExtensibilityGlobals) = postSolution
		SolutionGuid = {6089E240-D8A5-4B33-B617-7536AB890B9F}
	EndGlobalSection
EndGlobal
